// !$*UTF8*$!
{
	archiveVersion = 1;
	classes = {
	};
	objectVersion = 56;
	objects = {

/* Begin PBXBuildFile section */
		6414442B8E2EF106189D029C /* Pods_StockAPIExample.framework in Frameworks */ = {isa = PBXBuildFile; fileRef = 17520D4BF66990FDE5095203 /* Pods_StockAPIExample.framework */; };
		746012DF2B2147E500E408CE /* AppDelegate.swift in Sources */ = {isa = PBXBuildFile; fileRef = 746012DE2B2147E500E408CE /* AppDelegate.swift */; };
		746012E12B2147E500E408CE /* SceneDelegate.swift in Sources */ = {isa = PBXBuildFile; fileRef = 746012E02B2147E500E408CE /* SceneDelegate.swift */; };
		746012E32B2147E500E408CE /* ViewController.swift in Sources */ = {isa = PBXBuildFile; fileRef = 746012E22B2147E500E408CE /* ViewController.swift */; };
		746012E62B2147E500E408CE /* Main.storyboard in Resources */ = {isa = PBXBuildFile; fileRef = 746012E42B2147E500E408CE /* Main.storyboard */; };
		746012E82B2147E700E408CE /* Assets.xcassets in Resources */ = {isa = PBXBuildFile; fileRef = 746012E72B2147E700E408CE /* Assets.xcassets */; };
		746012EB2B2147E700E408CE /* LaunchScreen.storyboard in Resources */ = {isa = PBXBuildFile; fileRef = 746012E92B2147E700E408CE /* LaunchScreen.storyboard */; };
		746012F32B214F7000E408CE /* Constants.swift in Sources */ = {isa = PBXBuildFile; fileRef = 746012F22B214F7000E408CE /* Constants.swift */; };
		746012F52B21511D00E408CE /* StockClass.swift in Sources */ = {isa = PBXBuildFile; fileRef = 746012F42B21511D00E408CE /* StockClass.swift */; };
/* End PBXBuildFile section */

/* Begin PBXFileReference section */
		17520D4BF66990FDE5095203 /* Pods_StockAPIExample.framework */ = {isa = PBXFileReference; explicitFileType = wrapper.framework; includeInIndex = 0; path = Pods_StockAPIExample.framework; sourceTree = BUILT_PRODUCTS_DIR; };
		216536B41A87B2A5A0F51783 /* Pods-StockAPIExample.debug.xcconfig */ = {isa = PBXFileReference; includeInIndex = 1; lastKnownFileType = text.xcconfig; name = "Pods-StockAPIExample.debug.xcconfig"; path = "Target Support Files/Pods-StockAPIExample/Pods-StockAPIExample.debug.xcconfig"; sourceTree = "<group>"; };
		746012DB2B2147E500E408CE /* StockAPIExample.app */ = {isa = PBXFileReference; explicitFileType = wrapper.application; includeInIndex = 0; path = StockAPIExample.app; sourceTree = BUILT_PRODUCTS_DIR; };
		746012DE2B2147E500E408CE /* AppDelegate.swift */ = {isa = PBXFileReference; lastKnownFileType = sourcecode.swift; path = AppDelegate.swift; sourceTree = "<group>"; };
		746012E02B2147E500E408CE /* SceneDelegate.swift */ = {isa = PBXFileReference; lastKnownFileType = sourcecode.swift; path = SceneDelegate.swift; sourceTree = "<group>"; };
		746012E22B2147E500E408CE /* ViewController.swift */ = {isa = PBXFileReference; lastKnownFileType = sourcecode.swift; path = ViewController.swift; sourceTree = "<group>"; };
		746012E52B2147E500E408CE /* Base */ = {isa = PBXFileReference; lastKnownFileType = file.storyboard; name = Base; path = Base.lproj/Main.storyboard; sourceTree = "<group>"; };
		746012E72B2147E700E408CE /* Assets.xcassets */ = {isa = PBXFileReference; lastKnownFileType = folder.assetcatalog; path = Assets.xcassets; sourceTree = "<group>"; };
		746012EA2B2147E700E408CE /* Base */ = {isa = PBXFileReference; lastKnownFileType = file.storyboard; name = Base; path = Base.lproj/LaunchScreen.storyboard; sourceTree = "<group>"; };
		746012EC2B2147E700E408CE /* Info.plist */ = {isa = PBXFileReference; lastKnownFileType = text.plist.xml; path = Info.plist; sourceTree = "<group>"; };
		746012F22B214F7000E408CE /* Constants.swift */ = {isa = PBXFileReference; lastKnownFileType = sourcecode.swift; path = Constants.swift; sourceTree = "<group>"; };
		746012F42B21511D00E408CE /* StockClass.swift */ = {isa = PBXFileReference; lastKnownFileType = sourcecode.swift; path = StockClass.swift; sourceTree = "<group>"; };
		F13C41071C4A35B251CCC96C /* Pods-StockAPIExample.release.xcconfig */ = {isa = PBXFileReference; includeInIndex = 1; lastKnownFileType = text.xcconfig; name = "Pods-StockAPIExample.release.xcconfig"; path = "Target Support Files/Pods-StockAPIExample/Pods-StockAPIExample.release.xcconfig"; sourceTree = "<group>"; };
/* End PBXFileReference section */

/* Begin PBXFrameworksBuildPhase section */
		746012D82B2147E500E408CE /* Frameworks */ = {
			isa = PBXFrameworksBuildPhase;
			buildActionMask = 2147483647;
			files = (
				6414442B8E2EF106189D029C /* Pods_StockAPIExample.framework in Frameworks */,
			);
			runOnlyForDeploymentPostprocessing = 0;
		};
/* End PBXFrameworksBuildPhase section */

/* Begin PBXGroup section */
		746012D22B2147E500E408CE = {
			isa = PBXGroup;
			children = (
				746012DD2B2147E500E408CE /* StockAPIExample */,
				746012DC2B2147E500E408CE /* Products */,
				7B1E49623B651189DD1CB64E /* Pods */,
				A65302397E4D2F71AB3336BA /* Frameworks */,
			);
			sourceTree = "<group>";
		};
		746012DC2B2147E500E408CE /* Products */ = {
			isa = PBXGroup;
			children = (
				746012DB2B2147E500E408CE /* StockAPIExample.app */,
			);
			name = Products;
			sourceTree = "<group>";
		};
		746012DD2B2147E500E408CE /* StockAPIExample */ = {
			isa = PBXGroup;
			children = (
				746012DE2B2147E500E408CE /* AppDelegate.swift */,
				746012E02B2147E500E408CE /* SceneDelegate.swift */,
				746012E22B2147E500E408CE /* ViewController.swift */,
				746012E42B2147E500E408CE /* Main.storyboard */,
				746012E72B2147E700E408CE /* Assets.xcassets */,
				746012E92B2147E700E408CE /* LaunchScreen.storyboard */,
				746012EC2B2147E700E408CE /* Info.plist */,
				746012F22B214F7000E408CE /* Constants.swift */,
				746012F42B21511D00E408CE /* StockClass.swift */,
			);
			path = StockAPIExample;
			sourceTree = "<group>";
		};
		7B1E49623B651189DD1CB64E /* Pods */ = {
			isa = PBXGroup;
			children = (
				216536B41A87B2A5A0F51783 /* Pods-StockAPIExample.debug.xcconfig */,
				F13C41071C4A35B251CCC96C /* Pods-StockAPIExample.release.xcconfig */,
			);
			path = Pods;
			sourceTree = "<group>";
		};
		A65302397E4D2F71AB3336BA /* Frameworks */ = {
			isa = PBXGroup;
			children = (
				17520D4BF66990FDE5095203 /* Pods_StockAPIExample.framework */,
			);
			name = Frameworks;
			sourceTree = "<group>";
		};
/* End PBXGroup section */

/* Begin PBXNativeTarget section */
		746012DA2B2147E500E408CE /* StockAPIExample */ = {
			isa = PBXNativeTarget;
			buildConfigurationList = 746012EF2B2147E700E408CE /* Build configuration list for PBXNativeTarget "StockAPIExample" */;
			buildPhases = (
				1CA27F964EFBCF1521755F7D /* [CP] Check Pods Manifest.lock */,
				746012D72B2147E500E408CE /* Sources */,
				746012D82B2147E500E408CE /* Frameworks */,
				746012D92B2147E500E408CE /* Resources */,
				C7E3FD76BD931DA46EA4D993 /* [CP] Embed Pods Frameworks */,
			);
			buildRules = (
			);
			dependencies = (
			);
			name = StockAPIExample;
			productName = StockAPIExample;
			productReference = 746012DB2B2147E500E408CE /* StockAPIExample.app */;
			productType = "com.apple.product-type.application";
		};
/* End PBXNativeTarget section */

/* Begin PBXProject section */
		746012D32B2147E500E408CE /* Project object */ = {
			isa = PBXProject;
			attributes = {
				BuildIndependentTargetsInParallel = 1;
				LastSwiftUpdateCheck = 1500;
				LastUpgradeCheck = 1500;
				TargetAttributes = {
					746012DA2B2147E500E408CE = {
						CreatedOnToolsVersion = 15.0.1;
					};
				};
			};
			buildConfigurationList = 746012D62B2147E500E408CE /* Build configuration list for PBXProject "StockAPIExample" */;
			compatibilityVersion = "Xcode 14.0";
			developmentRegion = en;
			hasScannedForEncodings = 0;
			knownRegions = (
				en,
				Base,
			);
			mainGroup = 746012D22B2147E500E408CE;
			productRefGroup = 746012DC2B2147E500E408CE /* Products */;
			projectDirPath = "";
			projectRoot = "";
			targets = (
				746012DA2B2147E500E408CE /* StockAPIExample */,
			);
		};
/* End PBXProject section */

/* Begin PBXResourcesBuildPhase section */
		746012D92B2147E500E408CE /* Resources */ = {
			isa = PBXResourcesBuildPhase;
			buildActionMask = 2147483647;
			files = (
				746012EB2B2147E700E408CE /* LaunchScreen.storyboard in Resources */,
				746012E82B2147E700E408CE /* Assets.xcassets in Resources */,
				746012E62B2147E500E408CE /* Main.storyboard in Resources */,
			);
			runOnlyForDeploymentPostprocessing = 0;
		};
/* End PBXResourcesBuildPhase section */

/* Begin PBXShellScriptBuildPhase section */
		1CA27F964EFBCF1521755F7D /* [CP] Check Pods Manifest.lock */ = {
			isa = PBXShellScriptBuildPhase;
			buildActionMask = 2147483647;
			files = (
			);
			inputFileListPaths = (
			);
			inputPaths = (
				"${PODS_PODFILE_DIR_PATH}/Podfile.lock",
				"${PODS_ROOT}/Manifest.lock",
			);
			name = "[CP] Check Pods Manifest.lock";
			outputFileListPaths = (
			);
			outputPaths = (
				"$(DERIVED_FILE_DIR)/Pods-StockAPIExample-checkManifestLockResult.txt",
			);
			runOnlyForDeploymentPostprocessing = 0;
			shellPath = /bin/sh;
			shellScript = "diff \"${PODS_PODFILE_DIR_PATH}/Podfile.lock\" \"${PODS_ROOT}/Manifest.lock\" > /dev/null\nif [ $? != 0 ] ; then\n    # print error to STDERR\n    echo \"error: The sandbox is not in sync with the Podfile.lock. Run 'pod install' or update your CocoaPods installation.\" >&2\n    exit 1\nfi\n# This output is used by Xcode 'outputs' to avoid re-running this script phase.\necho \"SUCCESS\" > \"${SCRIPT_OUTPUT_FILE_0}\"\n";
			showEnvVarsInLog = 0;
		};
		C7E3FD76BD931DA46EA4D993 /* [CP] Embed Pods Frameworks */ = {
			isa = PBXShellScriptBuildPhase;
			buildActionMask = 2147483647;
			files = (
			);
			inputFileListPaths = (
				"${PODS_ROOT}/Target Support Files/Pods-StockAPIExample/Pods-StockAPIExample-frameworks-${CONFIGURATION}-input-files.xcfilelist",
			);
			name = "[CP] Embed Pods Frameworks";
			outputFileListPaths = (
				"${PODS_ROOT}/Target Support Files/Pods-StockAPIExample/Pods-StockAPIExample-frameworks-${CONFIGURATION}-output-files.xcfilelist",
			);
			runOnlyForDeploymentPostprocessing = 0;
			shellPath = /bin/sh;
			shellScript = "\"${PODS_ROOT}/Target Support Files/Pods-StockAPIExample/Pods-StockAPIExample-frameworks.sh\"\n";
			showEnvVarsInLog = 0;
		};
/* End PBXShellScriptBuildPhase section */

/* Begin PBXSourcesBuildPhase section */
		746012D72B2147E500E408CE /* Sources */ = {
			isa = PBXSourcesBuildPhase;
			buildActionMask = 2147483647;
			files = (
				746012E32B2147E500E408CE /* ViewController.swift in Sources */,
				746012F52B21511D00E408CE /* StockClass.swift in Sources */,
				746012DF2B2147E500E408CE /* AppDelegate.swift in Sources */,
				746012E12B2147E500E408CE /* SceneDelegate.swift in Sources */,
				746012F32B214F7000E408CE /* Constants.swift in Sources */,
			);
			runOnlyForDeploymentPostprocessing = 0;
		};
/* End PBXSourcesBuildPhase section */

/* Begin PBXVariantGroup section */
		746012E42B2147E500E408CE /* Main.storyboard */ = {
			isa = PBXVariantGroup;
			children = (
				746012E52B2147E500E408CE /* Base */,
			);
			name = Main.storyboard;
			sourceTree = "<group>";
		};
		746012E92B2147E700E408CE /* LaunchScreen.storyboard */ = {
			isa = PBXVariantGroup;
			children = (
				746012EA2B2147E700E408CE /* Base */,
			);
			name = LaunchScreen.storyboard;
			sourceTree = "<group>";
		};
/* End PBXVariantGroup section */

/* Begin XCBuildConfiguration section */
		746012ED2B2147E700E408CE /* Debug */ = {
			isa = XCBuildConfiguration;
			buildSettings = {
				ALWAYS_SEARCH_USER_PATHS = NO;
				ASSETCATALOG_COMPILER_GENERATE_SWIFT_ASSET_SYMBOL_EXTENSIONS = YES;
				CLANG_ANALYZER_NONNULL = YES;
				CLANG_ANALYZER_NUMBER_OBJECT_CONVERSION = YES_AGGRESSIVE;
				CLANG_CXX_LANGUAGE_STANDARD = "gnu++20";
				CLANG_ENABLE_MODULES = YES;
				CLANG_ENABLE_OBJC_ARC = YES;
				CLANG_ENABLE_OBJC_WEAK = YES;
				CLANG_WARN_BLOCK_CAPTURE_AUTORELEASING = YES;
				CLANG_WARN_BOOL_CONVERSION = YES;
				CLANG_WARN_COMMA = YES;
				CLANG_WARN_CONSTANT_CONVERSION = YES;
				CLANG_WARN_DEPRECATED_OBJC_IMPLEMENTATIONS = YES;
				CLANG_WARN_DIRECT_OBJC_ISA_USAGE = YES_ERROR;
				CLANG_WARN_DOCUMENTATION_COMMENTS = YES;
				CLANG_WARN_EMPTY_BODY = YES;
				CLANG_WARN_ENUM_CONVERSION = YES;
				CLANG_WARN_INFINITE_RECURSION = YES;
				CLANG_WARN_INT_CONVERSION = YES;
				CLANG_WARN_NON_LITERAL_NULL_CONVERSION = YES;
				CLANG_WARN_OBJC_IMPLICIT_RETAIN_SELF = YES;
				CLANG_WARN_OBJC_LITERAL_CONVERSION = YES;
				CLANG_WARN_OBJC_ROOT_CLASS = YES_ERROR;
				CLANG_WARN_QUOTED_INCLUDE_IN_FRAMEWORK_HEADER = YES;
				CLANG_WARN_RANGE_LOOP_ANALYSIS = YES;
				CLANG_WARN_STRICT_PROTOTYPES = YES;
				CLANG_WARN_SUSPICIOUS_MOVE = YES;
				CLANG_WARN_UNGUARDED_AVAILABILITY = YES_AGGRESSIVE;
				CLANG_WARN_UNREACHABLE_CODE = YES;
				CLANG_WARN__DUPLICATE_METHOD_MATCH = YES;
				COPY_PHASE_STRIP = NO;
				DEBUG_INFORMATION_FORMAT = dwarf;
				ENABLE_STRICT_OBJC_MSGSEND = YES;
				ENABLE_TESTABILITY = YES;
				ENABLE_USER_SCRIPT_SANDBOXING = NO;
				GCC_C_LANGUAGE_STANDARD = gnu17;
				GCC_DYNAMIC_NO_PIC = NO;
				GCC_NO_COMMON_BLOCKS = YES;
				GCC_OPTIMIZATION_LEVEL = 0;
				GCC_PREPROCESSOR_DEFINITIONS = (
					"DEBUG=1",
					"$(inherited)",
				);
				GCC_WARN_64_TO_32_BIT_CONVERSION = YES;
				GCC_WARN_ABOUT_RETURN_TYPE = YES_ERROR;
				GCC_WARN_UNDECLARED_SELECTOR = YES;
				GCC_WARN_UNINITIALIZED_AUTOS = YES_AGGRESSIVE;
				GCC_WARN_UNUSED_FUNCTION = YES;
				GCC_WARN_UNUSED_VARIABLE = YES;
				IPHONEOS_DEPLOYMENT_TARGET = 17.0;
				LOCALIZATION_PREFERS_STRING_CATALOGS = YES;
				MTL_ENABLE_DEBUG_INFO = INCLUDE_SOURCE;
				MTL_FAST_MATH = YES;
				ONLY_ACTIVE_ARCH = YES;
				SDKROOT = iphoneos;
				SWIFT_ACTIVE_COMPILATION_CONDITIONS = "DEBUG $(inherited)";
				SWIFT_OPTIMIZATION_LEVEL = "-Onone";
			};
			name = Debug;
		};
		746012EE2B2147E700E408CE /* Release */ = {
			isa = XCBuildConfiguration;
			buildSettings = {
				ALWAYS_SEARCH_USER_PATHS = NO;
				ASSETCATALOG_COMPILER_GENERATE_SWIFT_ASSET_SYMBOL_EXTENSIONS = YES;
				CLANG_ANALYZER_NONNULL = YES;
				CLANG_ANALYZER_NUMBER_OBJECT_CONVERSION = YES_AGGRESSIVE;
				CLANG_CXX_LANGUAGE_STANDARD = "gnu++20";
				CLANG_ENABLE_MODULES = YES;
				CLANG_ENABLE_OBJC_ARC = YES;
				CLANG_ENABLE_OBJC_WEAK = YES;
				CLANG_WARN_BLOCK_CAPTURE_AUTORELEASING = YES;
				CLANG_WARN_BOOL_CONVERSION = YES;
				CLANG_WARN_COMMA = YES;
				CLANG_WARN_CONSTANT_CONVERSION = YES;
				CLANG_WARN_DEPRECATED_OBJC_IMPLEMENTATIONS = YES;
				CLANG_WARN_DIRECT_OBJC_ISA_USAGE = YES_ERROR;
				CLANG_WARN_DOCUMENTATION_COMMENTS = YES;
				CLANG_WARN_EMPTY_BODY = YES;
				CLANG_WARN_ENUM_CONVERSION = YES;
				CLANG_WARN_INFINITE_RECURSION = YES;
				CLANG_WARN_INT_CONVERSION = YES;
				CLANG_WARN_NON_LITERAL_NULL_CONVERSION = YES;
				CLANG_WARN_OBJC_IMPLICIT_RETAIN_SELF = YES;
				CLANG_WARN_OBJC_LITERAL_CONVERSION = YES;
				CLANG_WARN_OBJC_ROOT_CLASS = YES_ERROR;
				CLANG_WARN_QUOTED_INCLUDE_IN_FRAMEWORK_HEADER = YES;
				CLANG_WARN_RANGE_LOOP_ANALYSIS = YES;
				CLANG_WARN_STRICT_PROTOTYPES = YES;
				CLANG_WARN_SUSPICIOUS_MOVE = YES;
				CLANG_WARN_UNGUARDED_AVAILABILITY = YES_AGGRESSIVE;
				CLANG_WARN_UNREACHABLE_CODE = YES;
				CLANG_WARN__DUPLICATE_METHOD_MATCH = YES;
				COPY_PHASE_STRIP = NO;
				DEBUG_INFORMATION_FORMAT = "dwarf-with-dsym";
				ENABLE_NS_ASSERTIONS = NO;
				ENABLE_STRICT_OBJC_MSGSEND = YES;
				ENABLE_USER_SCRIPT_SANDBOXING = NO;
				GCC_C_LANGUAGE_STANDARD = gnu17;
				GCC_NO_COMMON_BLOCKS = YES;
				GCC_WARN_64_TO_32_BIT_CONVERSION = YES;
				GCC_WARN_ABOUT_RETURN_TYPE = YES_ERROR;
				GCC_WARN_UNDECLARED_SELECTOR = YES;
				GCC_WARN_UNINITIALIZED_AUTOS = YES_AGGRESSIVE;
				GCC_WARN_UNUSED_FUNCTION = YES;
				GCC_WARN_UNUSED_VARIABLE = YES;
				IPHONEOS_DEPLOYMENT_TARGET = 17.0;
				LOCALIZATION_PREFERS_STRING_CATALOGS = YES;
				MTL_ENABLE_DEBUG_INFO = NO;
				MTL_FAST_MATH = YES;
				SDKROOT = iphoneos;
				SWIFT_COMPILATION_MODE = wholemodule;
				VALIDATE_PRODUCT = YES;
			};
			name = Release;
		};
		746012F02B2147E700E408CE /* Debug */ = {
			isa = XCBuildConfiguration;
			baseConfigurationReference = 216536B41A87B2A5A0F51783 /* Pods-StockAPIExample.debug.xcconfig */;
			buildSettings = {
				ASSETCATALOG_COMPILER_APPICON_NAME = AppIcon;
				ASSETCATALOG_COMPILER_GLOBAL_ACCENT_COLOR_NAME = AccentColor;
				CODE_SIGN_STYLE = Automatic;
				CURRENT_PROJECT_VERSION = 1;
				GENERATE_INFOPLIST_FILE = YES;
				INFOPLIST_FILE = StockAPIExample/Info.plist;
				INFOPLIST_KEY_UIApplicationSupportsIndirectInputEvents = YES;
				INFOPLIST_KEY_UILaunchStoryboardName = LaunchScreen;
				INFOPLIST_KEY_UIMainStoryboardFile = Main;
				INFOPLIST_KEY_UISupportedInterfaceOrientations_iPad = "UIInterfaceOrientationPortrait UIInterfaceOrientationPortraitUpsideDown UIInterfaceOrientationLandscapeLeft UIInterfaceOrientationLandscapeRight";
				INFOPLIST_KEY_UISupportedInterfaceOrientations_iPhone = "UIInterfaceOrientationPortrait UIInterfaceOrientationLandscapeLeft UIInterfaceOrientationLandscapeRight";
				LD_RUNPATH_SEARCH_PATHS = (
					"$(inherited)",
					"@executable_path/Frameworks",
				);
				MARKETING_VERSION = 1.0;
				PRODUCT_BUNDLE_IDENTIFIER = edu.northeastern.StockAPIExample;
				PRODUCT_NAME = "$(TARGET_NAME)";
				SWIFT_EMIT_LOC_STRINGS = YES;
				SWIFT_VERSION = 5.0;
				TARGETED_DEVICE_FAMILY = "1,2";
			};
			name = Debug;
		};
		746012F12B2147E700E408CE /* Release */ = {
			isa = XCBuildConfiguration;
			baseConfigurationReference = F13C41071C4A35B251CCC96C /* Pods-StockAPIExample.release.xcconfig */;
			buildSettings = {
				ASSETCATALOG_COMPILER_APPICON_NAME = AppIcon;
				ASSETCATALOG_COMPILER_GLOBAL_ACCENT_COLOR_NAME = AccentColor;
				CODE_SIGN_STYLE = Automatic;
				CURRENT_PROJECT_VERSION = 1;
				GENERATE_INFOPLIST_FILE = YES;
				INFOPLIST_FILE = StockAPIExample/Info.plist;
				INFOPLIST_KEY_UIApplicationSupportsIndirectInputEvents = YES;
				INFOPLIST_KEY_UILaunchStoryboardName = LaunchScreen;
				INFOPLIST_KEY_UIMainStoryboardFile = Main;
				INFOPLIST_KEY_UISupportedInterfaceOrientations_iPad = "UIInterfaceOrientationPortrait UIInterfaceOrientationPortraitUpsideDown UIInterfaceOrientationLandscapeLeft UIInterfaceOrientationLandscapeRight";
				INFOPLIST_KEY_UISupportedInterfaceOrientations_iPhone = "UIInterfaceOrientationPortrait UIInterfaceOrientationLandscapeLeft UIInterfaceOrientationLandscapeRight";
				LD_RUNPATH_SEARCH_PATHS = (
					"$(inherited)",
					"@executable_path/Frameworks",
				);
				MARKETING_VERSION = 1.0;
				PRODUCT_BUNDLE_IDENTIFIER = edu.northeastern.StockAPIExample;
				PRODUCT_NAME = "$(TARGET_NAME)";
				SWIFT_EMIT_LOC_STRINGS = YES;
				SWIFT_VERSION = 5.0;
				TARGETED_DEVICE_FAMILY = "1,2";
			};
			name = Release;
		};
/* End XCBuildConfiguration section */

/* Begin XCConfigurationList section */
		746012D62B2147E500E408CE /* Build configuration list for PBXProject "StockAPIExample" */ = {
			isa = XCConfigurationList;
			buildConfigurations = (
				746012ED2B2147E700E408CE /* Debug */,
				746012EE2B2147E700E408CE /* Release */,
			);
			defaultConfigurationIsVisible = 0;
			defaultConfigurationName = Release;
		};
		746012EF2B2147E700E408CE /* Build configuration list for PBXNativeTarget "StockAPIExample" */ = {
			isa = XCConfigurationList;
			buildConfigurations = (
				746012F02B2147E700E408CE /* Debug */,
				746012F12B2147E700E408CE /* Release */,
			);
			defaultConfigurationIsVisible = 0;
			defaultConfigurationName = Release;
		};
/* End XCConfigurationList section */
	};
	rootObject = 746012D32B2147E500E408CE /* Project object */;
}
